
Microsoft Visual Studio Solution File, Format Version 12.00
# Visual Studio Version 17
VisualStudioVersion = 17.13.35931.197 d17.13
MinimumVisualStudioVersion = 10.0.40219.1
Project("{FAE04EC0-301F-11D3-BF4B-00C04F79EFBC}") = "Raja_Country", "Raja_Country\Raja_Country.csproj", "{904652F4-563A-4F5E-9D59-25F7EFD887E4}"
EndProject
Global
	GlobalSection(SolutionConfigurationPlatforms) = preSolution
		Debug|Any CPU = Debug|Any CPU
		Release|Any CPU = Release|Any CPU
	EndGlobalSection
	GlobalSection(ProjectConfigurationPlatforms) = postSolution
		{904652F4-563A-4F5E-9D59-25F7EFD887E4}.Debug|Any CPU.ActiveCfg = Debug|Any CPU
		{904652F4-563A-4F5E-9D59-25F7EFD887E4}.Debug|Any CPU.Build.0 = Debug|Any CPU
		{904652F4-563A-4F5E-9D59-25F7EFD887E4}.Release|Any CPU.ActiveCfg = Release|Any CPU
		{904652F4-563A-4F5E-9D59-25F7EFD887E4}.Release|Any CPU.Build.0 = Release|Any CPU
	EndGlobalSection
	GlobalSection(SolutionProperties) = preSolution
		HideSolutionNode = FALSE
	EndGlobalSection
	GlobalSection(ExtensibilityGlobals) = postSolution
		SolutionGuid = {09F10F93-95E0-4320-BF6B-D698F87128FE}
	EndGlobalSection
EndGlobal
