
Microsoft Visual Studio Solution File, Format Version 12.00
# Visual Studio Version 17
VisualStudioVersion = 17.13.35931.197 d17.13
MinimumVisualStudioVersion = 10.0.40219.1
Project("{FAE04EC0-301F-11D3-BF4B-00C04F79EFBC}") = "Raja_Form", "Raja_Form\Raja_Form.csproj", "{7B794026-4373-4B75-890D-EAD4934BABB7}"
EndProject
Global
	GlobalSection(SolutionConfigurationPlatforms) = preSolution
		Debug|Any CPU = Debug|Any CPU
		Release|Any CPU = Release|Any CPU
	EndGlobalSection
	GlobalSection(ProjectConfigurationPlatforms) = postSolution
		{7B794026-4373-4B75-890D-EAD4934BABB7}.Debug|Any CPU.ActiveCfg = Debug|Any CPU
		{7B794026-4373-4B75-890D-EAD4934BABB7}.Debug|Any CPU.Build.0 = Debug|Any CPU
		{7B794026-4373-4B75-890D-EAD4934BABB7}.Release|Any CPU.ActiveCfg = Release|Any CPU
		{7B794026-4373-4B75-890D-EAD4934BABB7}.Release|Any CPU.Build.0 = Release|Any CPU
	EndGlobalSection
	GlobalSection(SolutionProperties) = preSolution
		HideSolutionNode = FALSE
	EndGlobalSection
	GlobalSection(ExtensibilityGlobals) = postSolution
		SolutionGuid = {7A94674D-E08C-4E57-9951-6AF20C1FAB0A}
	EndGlobalSection
EndGlobal
